
Microsoft Visual Studio Solution File, Format Version 12.00
# Visual Studio 2012
Project("{FAE04EC0-301F-11D3-BF4B-00C04F79EFBC}") = "SocketChat", "Source\SocketChat\SocketChat.csproj", "{18BB5FBA-BF6E-4484-B942-DA8FC7D86A00}"
EndProject
Project("{FAE04EC0-301F-11D3-BF4B-00C04F79EFBC}") = "SignalRChat", "Source\SignalRChat\SignalRChat.csproj", "{4ECBA07F-ADE3-44E0-AD63-6720FA66553D}"
EndProject
Global
	GlobalSection(SolutionConfigurationPlatforms) = preSolution
		Debug|Any CPU = Debug|Any CPU
		Release|Any CPU = Release|Any CPU
	EndGlobalSection
	GlobalSection(ProjectConfigurationPlatforms) = postSolution
		{18BB5FBA-BF6E-4484-B942-DA8FC7D86A00}.Debug|Any CPU.ActiveCfg = Debug|Any CPU
		{18BB5FBA-BF6E-4484-B942-DA8FC7D86A00}.Debug|Any CPU.Build.0 = Debug|Any CPU
		{18BB5FBA-BF6E-4484-B942-DA8FC7D86A00}.Release|Any CPU.ActiveCfg = Release|Any CPU
		{18BB5FBA-BF6E-4484-B942-DA8FC7D86A00}.Release|Any CPU.Build.0 = Release|Any CPU
		{4ECBA07F-ADE3-44E0-AD63-6720FA66553D}.Debug|Any CPU.ActiveCfg = Debug|Any CPU
		{4ECBA07F-ADE3-44E0-AD63-6720FA66553D}.Debug|Any CPU.Build.0 = Debug|Any CPU
		{4ECBA07F-ADE3-44E0-AD63-6720FA66553D}.Release|Any CPU.ActiveCfg = Release|Any CPU
		{4ECBA07F-ADE3-44E0-AD63-6720FA66553D}.Release|Any CPU.Build.0 = Release|Any CPU
	EndGlobalSection
	GlobalSection(SolutionProperties) = preSolution
		HideSolutionNode = FALSE
	EndGlobalSection
EndGlobal
